
Microsoft Visual Studio Solution File, Format Version 12.00
# Visual Studio Version 17
VisualStudioVersion = 17.12.35521.163
MinimumVisualStudioVersion = 10.0.40219.1
Project("{FAE04EC0-301F-11D3-BF4B-00C04F79EFBC}") = "EmailDB.Format", "EmailDB.Format\EmailDB.Format.csproj", "{D701E631-DB72-48EB-9F49-3E26931C8E55}"
EndProject
Project("{FAE04EC0-301F-11D3-BF4B-00C04F79EFBC}") = "EmailDB.UnitTests", "EmailDB.UnitTests\EmailDB.UnitTests.csproj", "{6AF782D6-220B-4FEB-B94E-ED1055DEA807}"
EndProject
Project("{FAE04EC0-301F-11D3-BF4B-00C04F79EFBC}") = "EmailDB.Console", "EmailDB.Console\EmailDB.Console.csproj", "{A1B2C3D4-E5F6-7890-1234-567890ABCDEF}"
EndProject
Global
	GlobalSection(SolutionConfigurationPlatforms) = preSolution
		Debug|Any CPU = Debug|Any CPU
		Debug|x64 = Debug|x64
		Debug|x86 = Debug|x86
		Release|Any CPU = Release|Any CPU
		Release|x64 = Release|x64
		Release|x86 = Release|x86
	EndGlobalSection
	GlobalSection(ProjectConfigurationPlatforms) = postSolution
		{D701E631-DB72-48EB-9F49-3E26931C8E55}.Debug|Any CPU.ActiveCfg = Debug|Any CPU
		{D701E631-DB72-48EB-9F49-3E26931C8E55}.Debug|Any CPU.Build.0 = Debug|Any CPU
		{D701E631-DB72-48EB-9F49-3E26931C8E55}.Debug|x64.ActiveCfg = Debug|Any CPU
		{D701E631-DB72-48EB-9F49-3E26931C8E55}.Debug|x64.Build.0 = Debug|Any CPU
		{D701E631-DB72-48EB-9F49-3E26931C8E55}.Debug|x86.ActiveCfg = Debug|Any CPU
		{D701E631-DB72-48EB-9F49-3E26931C8E55}.Debug|x86.Build.0 = Debug|Any CPU
		{D701E631-DB72-48EB-9F49-3E26931C8E55}.Release|Any CPU.ActiveCfg = Release|Any CPU
		{D701E631-DB72-48EB-9F49-3E26931C8E55}.Release|Any CPU.Build.0 = Release|Any CPU
		{D701E631-DB72-48EB-9F49-3E26931C8E55}.Release|x64.ActiveCfg = Release|Any CPU
		{D701E631-DB72-48EB-9F49-3E26931C8E55}.Release|x64.Build.0 = Release|Any CPU
		{D701E631-DB72-48EB-9F49-3E26931C8E55}.Release|x86.ActiveCfg = Release|Any CPU
		{D701E631-DB72-48EB-9F49-3E26931C8E55}.Release|x86.Build.0 = Release|Any CPU
		{6AF782D6-220B-4FEB-B94E-ED1055DEA807}.Debug|Any CPU.ActiveCfg = Debug|Any CPU
		{6AF782D6-220B-4FEB-B94E-ED1055DEA807}.Debug|Any CPU.Build.0 = Debug|Any CPU
		{6AF782D6-220B-4FEB-B94E-ED1055DEA807}.Debug|x64.ActiveCfg = Debug|Any CPU
		{6AF782D6-220B-4FEB-B94E-ED1055DEA807}.Debug|x64.Build.0 = Debug|Any CPU
		{6AF782D6-220B-4FEB-B94E-ED1055DEA807}.Debug|x86.ActiveCfg = Debug|Any CPU
		{6AF782D6-220B-4FEB-B94E-ED1055DEA807}.Debug|x86.Build.0 = Debug|Any CPU
		{6AF782D6-220B-4FEB-B94E-ED1055DEA807}.Release|Any CPU.ActiveCfg = Release|Any CPU
		{6AF782D6-220B-4FEB-B94E-ED1055DEA807}.Release|Any CPU.Build.0 = Release|Any CPU
		{6AF782D6-220B-4FEB-B94E-ED1055DEA807}.Release|x64.ActiveCfg = Release|Any CPU
		{6AF782D6-220B-4FEB-B94E-ED1055DEA807}.Release|x64.Build.0 = Release|Any CPU
		{6AF782D6-220B-4FEB-B94E-ED1055DEA807}.Release|x86.ActiveCfg = Release|Any CPU
		{6AF782D6-220B-4FEB-B94E-ED1055DEA807}.Release|x86.Build.0 = Release|Any CPU
		{A1B2C3D4-E5F6-7890-1234-567890ABCDEF}.Debug|Any CPU.ActiveCfg = Debug|Any CPU
		{A1B2C3D4-E5F6-7890-1234-567890ABCDEF}.Debug|Any CPU.Build.0 = Debug|Any CPU
		{A1B2C3D4-E5F6-7890-1234-567890ABCDEF}.Debug|x64.ActiveCfg = Debug|Any CPU
		{A1B2C3D4-E5F6-7890-1234-567890ABCDEF}.Debug|x64.Build.0 = Debug|Any CPU
		{A1B2C3D4-E5F6-7890-1234-567890ABCDEF}.Debug|x86.ActiveCfg = Debug|Any CPU
		{A1B2C3D4-E5F6-7890-1234-567890ABCDEF}.Debug|x86.Build.0 = Debug|Any CPU
		{A1B2C3D4-E5F6-7890-1234-567890ABCDEF}.Release|Any CPU.ActiveCfg = Release|Any CPU
		{A1B2C3D4-E5F6-7890-1234-567890ABCDEF}.Release|Any CPU.Build.0 = Release|Any CPU
		{A1B2C3D4-E5F6-7890-1234-567890ABCDEF}.Release|x64.ActiveCfg = Release|Any CPU
		{A1B2C3D4-E5F6-7890-1234-567890ABCDEF}.Release|x64.Build.0 = Release|Any CPU
		{A1B2C3D4-E5F6-7890-1234-567890ABCDEF}.Release|x86.ActiveCfg = Release|Any CPU
		{A1B2C3D4-E5F6-7890-1234-567890ABCDEF}.Release|x86.Build.0 = Release|Any CPU
	EndGlobalSection
	GlobalSection(SolutionProperties) = preSolution
		HideSolutionNode = FALSE
	EndGlobalSection
	GlobalSection(ExtensibilityGlobals) = postSolution
		SolutionGuid = {AE52B27B-A7DB-4884-91F9-DFC481095DF8}
	EndGlobalSection
EndGlobal